
Microsoft Visual Studio Solution File, Format Version 12.00
# Visual Studio Version 16
VisualStudioVersion = 16.0.30907.101
MinimumVisualStudioVersion = 10.0.40219.1
Project("{FAE04EC0-301F-11D3-BF4B-00C04F79EFBC}") = "lab2", "lab2\lab2.csproj", "{0E848437-8D9E-4EF2-9578-BD829C7D676B}"
EndProject
Global
	GlobalSection(SolutionConfigurationPlatforms) = preSolution
		Debug|Any CPU = Debug|Any CPU
		Release|Any CPU = Release|Any CPU
	EndGlobalSection
	GlobalSection(ProjectConfigurationPlatforms) = postSolution
		{0E848437-8D9E-4EF2-9578-BD829C7D676B}.Debug|Any CPU.ActiveCfg = Debug|Any CPU
		{0E848437-8D9E-4EF2-9578-BD829C7D676B}.Debug|Any CPU.Build.0 = Debug|Any CPU
		{0E848437-8D9E-4EF2-9578-BD829C7D676B}.Release|Any CPU.ActiveCfg = Release|Any CPU
		{0E848437-8D9E-4EF2-9578-BD829C7D676B}.Release|Any CPU.Build.0 = Release|Any CPU
	EndGlobalSection
	GlobalSection(SolutionProperties) = preSolution
		HideSolutionNode = FALSE
	EndGlobalSection
	GlobalSection(ExtensibilityGlobals) = postSolution
		SolutionGuid = {F28D48FC-D8C7-4CC4-9683-2BB72C91A0D5}
	EndGlobalSection
EndGlobal
